{
  "version": 4,
  "terraform_version": "1.10.5",
  "serial": 43,
  "lineage": "00774b46-1a3e-d0b5-8fb3-ee024269af85",
  "outputs": {},
  "resources": [
    {
      "mode": "managed",
      "type": "azurerm_resource_group",
      "name": "rg",
      "provider": "provider[\"registry.terraform.io/hashicorp/azurerm\"]",
      "instances": [
        {
          "schema_version": 0,
          "attributes": {
            "id": "/subscriptions/158c1450-0fe9-4b11-8f3a-0e25b002b479/resourceGroups/BachirSuperResource",
            "location": "canadacentral",
            "managed_by": "",
            "name": "BachirSuperResource",
            "tags": {},
            "timeouts": null
          },
          "sensitive_attributes": [],
          "private": "eyJlMmJmYjczMC1lY2FhLTExZTYtOGY4OC0zNDM2M2JjN2M0YzAiOnsiY3JlYXRlIjo1NDAwMDAwMDAwMDAwLCJkZWxldGUiOjU0MDAwMDAwMDAwMDAsInJlYWQiOjMwMDAwMDAwMDAwMCwidXBkYXRlIjo1NDAwMDAwMDAwMDAwfX0="
        }
      ]
    }
  ],
  "check_results": null
}
