{
  "version": 4,
  "terraform_version": "1.10.5",
  "serial": 31,
  "lineage": "00774b46-1a3e-d0b5-8fb3-ee024269af85",
  "outputs": {
    "restaurants": {
      "value": [
        "home",
        "gladale",
        "b12",
        "casamed",
        "boustane"
      ],
      "type": [
        "list",
        "string"
      ]
    },
    "target_countries": {
      "value": [
        "italy",
        "japan",
        "china",
        "russia",
        "tanzania"
      ],
      "type": [
        "list",
        "string"
      ]
    },
    "tourist_destinations": {
      "value": [
        "Paradise",
        "Pyramids of egypt",
        "Pyramids of Maya",
        "Space",
        "Tubbataha Reefs"
      ],
      "type": [
        "list",
        "string"
      ]
    }
  },
  "resources": [
    {
      "mode": "managed",
      "type": "azurerm_linux_virtual_machine",
      "name": "rg",
      "provider": "provider[\"registry.terraform.io/hashicorp/azurerm\"]",
      "instances": [
        {
          "index_key": 0,
          "schema_version": 0,
          "attributes": {
            "additional_capabilities": [],
            "admin_password": null,
            "admin_ssh_key": [
              {
                "public_key": "ssh-rsa AAAAB3NzaC1yc2EAAAADAQABAAACAQDb0v+cENraTX49MNnrojfqSfZSObvQLaUkWq0qynrpG49zlyDXa5di7qy2ak8tZ0oO8DlCq6+nl75v8azWx0vKEfM/ZfDFuREIgYI5ops5+Q/txyctWYSTRuS6O4J3IxLz9GgxFbEShCyijHuh6ypo7V4jyVs/cU8I4SYwUZWmLv1jWuzbSZlUWFVyHNCx0JeG9pCzzqRLaHIEtkqUtVPNVRTVjy0KFnyJARCQ3kErT1p1G3tTOMsM24xuwPCm6sg/lYTBXdRaAguaxNyO91N+J6+vWTGfxeGB7j1GD82N+nJS5Gn4LSQ4d2m8l10UfqzraYruNdzoAYYi5Rx6aXTK+xdo+yab5VcAHWoodW+zNzSPngGJITLgSezY1aioyFRYX5ZFXdk3BC3sdiRHrpFDDgkRf7QyNaRpiL8O9BdaweNAx/P13zO6S9SSBBAP8V2/CirNU9OXc9mGr8TTZxVfVS5GZuX9MXdo0doFOVqoLkb5lLRm3oWUB4sBpUPG1jv8DroEcYkk4WXRYSXHat6NSEWFdUopzX42yP75m9/hGtYPZHpamQMQfTdLjPHdDkil8BjK49t3Bhk5M4FJ/UOckocdtI5mSsj9p5elOvwMWRcaIOSUvgwt82s1f9GzAtnPer+xE9vIR9ErKRBoWlZDmpwbNRVQtxkTRFodl521Ww== mostafa.bachir@gmail.com\n",
                "username": "adminuser"
              }
            ],
            "admin_username": "adminuser",
            "allow_extension_operations": true,
            "availability_set_id": "",
            "boot_diagnostics": [],
            "bypass_platform_safety_checks_on_user_schedule_enabled": false,
            "capacity_reservation_group_id": "",
            "computer_name": "home-linux",
            "custom_data": null,
            "dedicated_host_group_id": "",
            "dedicated_host_id": "",
            "disable_password_authentication": true,
            "disk_controller_type": "",
            "edge_zone": "",
            "encryption_at_host_enabled": false,
            "eviction_policy": "",
            "extensions_time_budget": "PT1H30M",
            "gallery_application": [],
            "id": "/subscriptions/158c1450-0fe9-4b11-8f3a-0e25b002b479/resourceGroups/BachirSuperResource/providers/Microsoft.Compute/virtualMachines/home-linux",
            "identity": [],
            "license_type": "",
            "location": "canadacentral",
            "max_bid_price": -1,
            "name": "home-linux",
            "network_interface_ids": [
              "/subscriptions/158c1450-0fe9-4b11-8f3a-0e25b002b479/resourceGroups/BachirSuperResource/providers/Microsoft.Network/networkInterfaces/home-linux-nic"
            ],
            "os_disk": [
              {
                "caching": "ReadWrite",
                "diff_disk_settings": [],
                "disk_encryption_set_id": "",
                "disk_size_gb": 30,
                "id": "/subscriptions/158c1450-0fe9-4b11-8f3a-0e25b002b479/resourceGroups/BachirSuperResource/providers/Microsoft.Compute/disks/home-linux_OsDisk_1_32fa906ae44d4a898f4e79ece79633d9",
                "name": "home-linux_OsDisk_1_32fa906ae44d4a898f4e79ece79633d9",
                "secure_vm_disk_encryption_set_id": "",
                "security_encryption_type": "",
                "storage_account_type": "Standard_LRS",
                "write_accelerator_enabled": false
              }
            ],
            "os_image_notification": [],
            "patch_assessment_mode": "ImageDefault",
            "patch_mode": "ImageDefault",
            "plan": [],
            "platform_fault_domain": -1,
            "priority": "Regular",
            "private_ip_address": "10.0.2.8",
            "private_ip_addresses": [
              "10.0.2.8"
            ],
            "provision_vm_agent": true,
            "proximity_placement_group_id": "",
            "public_ip_address": "",
            "public_ip_addresses": [],
            "reboot_setting": "",
            "resource_group_name": "BachirSuperResource",
            "secret": [],
            "secure_boot_enabled": false,
            "size": "Standard_F2",
            "source_image_id": "",
            "source_image_reference": [
              {
                "offer": "0001-com-ubuntu-server-jammy",
                "publisher": "Canonical",
                "sku": "22_04-lts",
                "version": "latest"
              }
            ],
            "tags": null,
            "termination_notification": null,
            "timeouts": null,
            "user_data": "",
            "virtual_machine_id": "5b29f8c7-2c1a-4704-b55b-cb6d34f6db6e",
            "virtual_machine_scale_set_id": "",
            "vm_agent_platform_updates_enabled": false,
            "vtpm_enabled": false,
            "zone": ""
          },
          "sensitive_attributes": [
            [
              {
                "type": "get_attr",
                "value": "admin_password"
              }
            ],
            [
              {
                "type": "get_attr",
                "value": "custom_data"
              }
            ]
          ],
          "private": "eyJlMmJmYjczMC1lY2FhLTExZTYtOGY4OC0zNDM2M2JjN2M0YzAiOnsiY3JlYXRlIjoyNzAwMDAwMDAwMDAwLCJkZWxldGUiOjI3MDAwMDAwMDAwMDAsInJlYWQiOjMwMDAwMDAwMDAwMCwidXBkYXRlIjoyNzAwMDAwMDAwMDAwfX0=",
          "dependencies": [
            "azurerm_network_interface.linux_nic",
            "azurerm_resource_group.rg",
            "azurerm_subnet.subnet",
            "azurerm_virtual_network.vnet"
          ]
        },
        {
          "index_key": 1,
          "schema_version": 0,
          "attributes": {
            "additional_capabilities": [],
            "admin_password": null,
            "admin_ssh_key": [
              {
                "public_key": "ssh-rsa AAAAB3NzaC1yc2EAAAADAQABAAACAQDb0v+cENraTX49MNnrojfqSfZSObvQLaUkWq0qynrpG49zlyDXa5di7qy2ak8tZ0oO8DlCq6+nl75v8azWx0vKEfM/ZfDFuREIgYI5ops5+Q/txyctWYSTRuS6O4J3IxLz9GgxFbEShCyijHuh6ypo7V4jyVs/cU8I4SYwUZWmLv1jWuzbSZlUWFVyHNCx0JeG9pCzzqRLaHIEtkqUtVPNVRTVjy0KFnyJARCQ3kErT1p1G3tTOMsM24xuwPCm6sg/lYTBXdRaAguaxNyO91N+J6+vWTGfxeGB7j1GD82N+nJS5Gn4LSQ4d2m8l10UfqzraYruNdzoAYYi5Rx6aXTK+xdo+yab5VcAHWoodW+zNzSPngGJITLgSezY1aioyFRYX5ZFXdk3BC3sdiRHrpFDDgkRf7QyNaRpiL8O9BdaweNAx/P13zO6S9SSBBAP8V2/CirNU9OXc9mGr8TTZxVfVS5GZuX9MXdo0doFOVqoLkb5lLRm3oWUB4sBpUPG1jv8DroEcYkk4WXRYSXHat6NSEWFdUopzX42yP75m9/hGtYPZHpamQMQfTdLjPHdDkil8BjK49t3Bhk5M4FJ/UOckocdtI5mSsj9p5elOvwMWRcaIOSUvgwt82s1f9GzAtnPer+xE9vIR9ErKRBoWlZDmpwbNRVQtxkTRFodl521Ww== mostafa.bachir@gmail.com\n",
                "username": "adminuser"
              }
            ],
            "admin_username": "adminuser",
            "allow_extension_operations": true,
            "availability_set_id": "",
            "boot_diagnostics": [],
            "bypass_platform_safety_checks_on_user_schedule_enabled": false,
            "capacity_reservation_group_id": "",
            "computer_name": "gladale-linux",
            "custom_data": null,
            "dedicated_host_group_id": "",
            "dedicated_host_id": "",
            "disable_password_authentication": true,
            "disk_controller_type": "",
            "edge_zone": "",
            "encryption_at_host_enabled": false,
            "eviction_policy": "",
            "extensions_time_budget": "PT1H30M",
            "gallery_application": [],
            "id": "/subscriptions/158c1450-0fe9-4b11-8f3a-0e25b002b479/resourceGroups/BachirSuperResource/providers/Microsoft.Compute/virtualMachines/gladale-linux",
            "identity": [],
            "license_type": "",
            "location": "canadacentral",
            "max_bid_price": -1,
            "name": "gladale-linux",
            "network_interface_ids": [
              "/subscriptions/158c1450-0fe9-4b11-8f3a-0e25b002b479/resourceGroups/BachirSuperResource/providers/Microsoft.Network/networkInterfaces/gladale-linux-nic"
            ],
            "os_disk": [
              {
                "caching": "ReadWrite",
                "diff_disk_settings": [],
                "disk_encryption_set_id": "",
                "disk_size_gb": 30,
                "id": "/subscriptions/158c1450-0fe9-4b11-8f3a-0e25b002b479/resourceGroups/BachirSuperResource/providers/Microsoft.Compute/disks/gladale-linux_OsDisk_1_ba4351ac0f6340a9b57c0932d4d5670a",
                "name": "gladale-linux_OsDisk_1_ba4351ac0f6340a9b57c0932d4d5670a",
                "secure_vm_disk_encryption_set_id": "",
                "security_encryption_type": "",
                "storage_account_type": "Standard_LRS",
                "write_accelerator_enabled": false
              }
            ],
            "os_image_notification": [],
            "patch_assessment_mode": "ImageDefault",
            "patch_mode": "ImageDefault",
            "plan": [],
            "platform_fault_domain": -1,
            "priority": "Regular",
            "private_ip_address": "10.0.2.6",
            "private_ip_addresses": [
              "10.0.2.6"
            ],
            "provision_vm_agent": true,
            "proximity_placement_group_id": "",
            "public_ip_address": "",
            "public_ip_addresses": [],
            "reboot_setting": "",
            "resource_group_name": "BachirSuperResource",
            "secret": [],
            "secure_boot_enabled": false,
            "size": "Standard_F2",
            "source_image_id": "",
            "source_image_reference": [
              {
                "offer": "0001-com-ubuntu-server-jammy",
                "publisher": "Canonical",
                "sku": "22_04-lts",
                "version": "latest"
              }
            ],
            "tags": null,
            "termination_notification": null,
            "timeouts": null,
            "user_data": "",
            "virtual_machine_id": "03789c12-9eb2-4180-b1c7-3d06ac5cd3cb",
            "virtual_machine_scale_set_id": "",
            "vm_agent_platform_updates_enabled": false,
            "vtpm_enabled": false,
            "zone": ""
          },
          "sensitive_attributes": [
            [
              {
                "type": "get_attr",
                "value": "admin_password"
              }
            ],
            [
              {
                "type": "get_attr",
                "value": "custom_data"
              }
            ]
          ],
          "private": "eyJlMmJmYjczMC1lY2FhLTExZTYtOGY4OC0zNDM2M2JjN2M0YzAiOnsiY3JlYXRlIjoyNzAwMDAwMDAwMDAwLCJkZWxldGUiOjI3MDAwMDAwMDAwMDAsInJlYWQiOjMwMDAwMDAwMDAwMCwidXBkYXRlIjoyNzAwMDAwMDAwMDAwfX0=",
          "dependencies": [
            "azurerm_network_interface.linux_nic",
            "azurerm_resource_group.rg",
            "azurerm_subnet.subnet",
            "azurerm_virtual_network.vnet"
          ]
        },
        {
          "index_key": 2,
          "schema_version": 0,
          "attributes": {
            "additional_capabilities": [],
            "admin_password": null,
            "admin_ssh_key": [
              {
                "public_key": "ssh-rsa AAAAB3NzaC1yc2EAAAADAQABAAACAQDb0v+cENraTX49MNnrojfqSfZSObvQLaUkWq0qynrpG49zlyDXa5di7qy2ak8tZ0oO8DlCq6+nl75v8azWx0vKEfM/ZfDFuREIgYI5ops5+Q/txyctWYSTRuS6O4J3IxLz9GgxFbEShCyijHuh6ypo7V4jyVs/cU8I4SYwUZWmLv1jWuzbSZlUWFVyHNCx0JeG9pCzzqRLaHIEtkqUtVPNVRTVjy0KFnyJARCQ3kErT1p1G3tTOMsM24xuwPCm6sg/lYTBXdRaAguaxNyO91N+J6+vWTGfxeGB7j1GD82N+nJS5Gn4LSQ4d2m8l10UfqzraYruNdzoAYYi5Rx6aXTK+xdo+yab5VcAHWoodW+zNzSPngGJITLgSezY1aioyFRYX5ZFXdk3BC3sdiRHrpFDDgkRf7QyNaRpiL8O9BdaweNAx/P13zO6S9SSBBAP8V2/CirNU9OXc9mGr8TTZxVfVS5GZuX9MXdo0doFOVqoLkb5lLRm3oWUB4sBpUPG1jv8DroEcYkk4WXRYSXHat6NSEWFdUopzX42yP75m9/hGtYPZHpamQMQfTdLjPHdDkil8BjK49t3Bhk5M4FJ/UOckocdtI5mSsj9p5elOvwMWRcaIOSUvgwt82s1f9GzAtnPer+xE9vIR9ErKRBoWlZDmpwbNRVQtxkTRFodl521Ww== mostafa.bachir@gmail.com\n",
                "username": "adminuser"
              }
            ],
            "admin_username": "adminuser",
            "allow_extension_operations": true,
            "availability_set_id": "",
            "boot_diagnostics": [],
            "bypass_platform_safety_checks_on_user_schedule_enabled": false,
            "capacity_reservation_group_id": "",
            "computer_name": "b12-linux",
            "custom_data": null,
            "dedicated_host_group_id": "",
            "dedicated_host_id": "",
            "disable_password_authentication": true,
            "disk_controller_type": "",
            "edge_zone": "",
            "encryption_at_host_enabled": false,
            "eviction_policy": "",
            "extensions_time_budget": "PT1H30M",
            "gallery_application": [],
            "id": "/subscriptions/158c1450-0fe9-4b11-8f3a-0e25b002b479/resourceGroups/BachirSuperResource/providers/Microsoft.Compute/virtualMachines/b12-linux",
            "identity": [],
            "license_type": "",
            "location": "canadacentral",
            "max_bid_price": -1,
            "name": "b12-linux",
            "network_interface_ids": [
              "/subscriptions/158c1450-0fe9-4b11-8f3a-0e25b002b479/resourceGroups/BachirSuperResource/providers/Microsoft.Network/networkInterfaces/b12-linux-nic"
            ],
            "os_disk": [
              {
                "caching": "ReadWrite",
                "diff_disk_settings": [],
                "disk_encryption_set_id": "",
                "disk_size_gb": 30,
                "id": "/subscriptions/158c1450-0fe9-4b11-8f3a-0e25b002b479/resourceGroups/BachirSuperResource/providers/Microsoft.Compute/disks/b12-linux_OsDisk_1_467b19bca249481a81c13f4e225971fb",
                "name": "b12-linux_OsDisk_1_467b19bca249481a81c13f4e225971fb",
                "secure_vm_disk_encryption_set_id": "",
                "security_encryption_type": "",
                "storage_account_type": "Standard_LRS",
                "write_accelerator_enabled": false
              }
            ],
            "os_image_notification": [],
            "patch_assessment_mode": "ImageDefault",
            "patch_mode": "ImageDefault",
            "plan": [],
            "platform_fault_domain": -1,
            "priority": "Regular",
            "private_ip_address": "10.0.2.7",
            "private_ip_addresses": [
              "10.0.2.7"
            ],
            "provision_vm_agent": true,
            "proximity_placement_group_id": "",
            "public_ip_address": "",
            "public_ip_addresses": [],
            "reboot_setting": "",
            "resource_group_name": "BachirSuperResource",
            "secret": [],
            "secure_boot_enabled": false,
            "size": "Standard_F2",
            "source_image_id": "",
            "source_image_reference": [
              {
                "offer": "0001-com-ubuntu-server-jammy",
                "publisher": "Canonical",
                "sku": "22_04-lts",
                "version": "latest"
              }
            ],
            "tags": null,
            "termination_notification": null,
            "timeouts": null,
            "user_data": "",
            "virtual_machine_id": "cf8c9d17-f389-406a-805c-7275da5498bc",
            "virtual_machine_scale_set_id": "",
            "vm_agent_platform_updates_enabled": false,
            "vtpm_enabled": false,
            "zone": ""
          },
          "sensitive_attributes": [
            [
              {
                "type": "get_attr",
                "value": "custom_data"
              }
            ],
            [
              {
                "type": "get_attr",
                "value": "admin_password"
              }
            ]
          ],
          "private": "eyJlMmJmYjczMC1lY2FhLTExZTYtOGY4OC0zNDM2M2JjN2M0YzAiOnsiY3JlYXRlIjoyNzAwMDAwMDAwMDAwLCJkZWxldGUiOjI3MDAwMDAwMDAwMDAsInJlYWQiOjMwMDAwMDAwMDAwMCwidXBkYXRlIjoyNzAwMDAwMDAwMDAwfX0=",
          "dependencies": [
            "azurerm_network_interface.linux_nic",
            "azurerm_resource_group.rg",
            "azurerm_subnet.subnet",
            "azurerm_virtual_network.vnet"
          ]
        },
        {
          "index_key": 3,
          "schema_version": 0,
          "attributes": {
            "additional_capabilities": [],
            "admin_password": null,
            "admin_ssh_key": [
              {
                "public_key": "ssh-rsa AAAAB3NzaC1yc2EAAAADAQABAAACAQDb0v+cENraTX49MNnrojfqSfZSObvQLaUkWq0qynrpG49zlyDXa5di7qy2ak8tZ0oO8DlCq6+nl75v8azWx0vKEfM/ZfDFuREIgYI5ops5+Q/txyctWYSTRuS6O4J3IxLz9GgxFbEShCyijHuh6ypo7V4jyVs/cU8I4SYwUZWmLv1jWuzbSZlUWFVyHNCx0JeG9pCzzqRLaHIEtkqUtVPNVRTVjy0KFnyJARCQ3kErT1p1G3tTOMsM24xuwPCm6sg/lYTBXdRaAguaxNyO91N+J6+vWTGfxeGB7j1GD82N+nJS5Gn4LSQ4d2m8l10UfqzraYruNdzoAYYi5Rx6aXTK+xdo+yab5VcAHWoodW+zNzSPngGJITLgSezY1aioyFRYX5ZFXdk3BC3sdiRHrpFDDgkRf7QyNaRpiL8O9BdaweNAx/P13zO6S9SSBBAP8V2/CirNU9OXc9mGr8TTZxVfVS5GZuX9MXdo0doFOVqoLkb5lLRm3oWUB4sBpUPG1jv8DroEcYkk4WXRYSXHat6NSEWFdUopzX42yP75m9/hGtYPZHpamQMQfTdLjPHdDkil8BjK49t3Bhk5M4FJ/UOckocdtI5mSsj9p5elOvwMWRcaIOSUvgwt82s1f9GzAtnPer+xE9vIR9ErKRBoWlZDmpwbNRVQtxkTRFodl521Ww== mostafa.bachir@gmail.com\n",
                "username": "adminuser"
              }
            ],
            "admin_username": "adminuser",
            "allow_extension_operations": true,
            "availability_set_id": "",
            "boot_diagnostics": [],
            "bypass_platform_safety_checks_on_user_schedule_enabled": false,
            "capacity_reservation_group_id": "",
            "computer_name": "casamed-linux",
            "custom_data": null,
            "dedicated_host_group_id": "",
            "dedicated_host_id": "",
            "disable_password_authentication": true,
            "disk_controller_type": "",
            "edge_zone": "",
            "encryption_at_host_enabled": false,
            "eviction_policy": "",
            "extensions_time_budget": "PT1H30M",
            "gallery_application": [],
            "id": "/subscriptions/158c1450-0fe9-4b11-8f3a-0e25b002b479/resourceGroups/BachirSuperResource/providers/Microsoft.Compute/virtualMachines/casamed-linux",
            "identity": [],
            "license_type": "",
            "location": "canadacentral",
            "max_bid_price": -1,
            "name": "casamed-linux",
            "network_interface_ids": [
              "/subscriptions/158c1450-0fe9-4b11-8f3a-0e25b002b479/resourceGroups/BachirSuperResource/providers/Microsoft.Network/networkInterfaces/casamed-linux-nic"
            ],
            "os_disk": [
              {
                "caching": "ReadWrite",
                "diff_disk_settings": [],
                "disk_encryption_set_id": "",
                "disk_size_gb": 30,
                "id": "/subscriptions/158c1450-0fe9-4b11-8f3a-0e25b002b479/resourceGroups/BachirSuperResource/providers/Microsoft.Compute/disks/casamed-linux_OsDisk_1_7d55132e805e4950a0758078bc0c7832",
                "name": "casamed-linux_OsDisk_1_7d55132e805e4950a0758078bc0c7832",
                "secure_vm_disk_encryption_set_id": "",
                "security_encryption_type": "",
                "storage_account_type": "Standard_LRS",
                "write_accelerator_enabled": false
              }
            ],
            "os_image_notification": [],
            "patch_assessment_mode": "ImageDefault",
            "patch_mode": "ImageDefault",
            "plan": [],
            "platform_fault_domain": -1,
            "priority": "Regular",
            "private_ip_address": "10.0.2.4",
            "private_ip_addresses": [
              "10.0.2.4"
            ],
            "provision_vm_agent": true,
            "proximity_placement_group_id": "",
            "public_ip_address": "",
            "public_ip_addresses": [],
            "reboot_setting": "",
            "resource_group_name": "BachirSuperResource",
            "secret": [],
            "secure_boot_enabled": false,
            "size": "Standard_F2",
            "source_image_id": "",
            "source_image_reference": [
              {
                "offer": "0001-com-ubuntu-server-jammy",
                "publisher": "Canonical",
                "sku": "22_04-lts",
                "version": "latest"
              }
            ],
            "tags": null,
            "termination_notification": null,
            "timeouts": null,
            "user_data": "",
            "virtual_machine_id": "5bdc75ad-a3ea-424f-8e8c-96d85ef09ab8",
            "virtual_machine_scale_set_id": "",
            "vm_agent_platform_updates_enabled": false,
            "vtpm_enabled": false,
            "zone": ""
          },
          "sensitive_attributes": [
            [
              {
                "type": "get_attr",
                "value": "custom_data"
              }
            ],
            [
              {
                "type": "get_attr",
                "value": "admin_password"
              }
            ]
          ],
          "private": "eyJlMmJmYjczMC1lY2FhLTExZTYtOGY4OC0zNDM2M2JjN2M0YzAiOnsiY3JlYXRlIjoyNzAwMDAwMDAwMDAwLCJkZWxldGUiOjI3MDAwMDAwMDAwMDAsInJlYWQiOjMwMDAwMDAwMDAwMCwidXBkYXRlIjoyNzAwMDAwMDAwMDAwfX0=",
          "dependencies": [
            "azurerm_network_interface.linux_nic",
            "azurerm_resource_group.rg",
            "azurerm_subnet.subnet",
            "azurerm_virtual_network.vnet"
          ]
        },
        {
          "index_key": 4,
          "schema_version": 0,
          "attributes": {
            "additional_capabilities": [],
            "admin_password": null,
            "admin_ssh_key": [
              {
                "public_key": "ssh-rsa AAAAB3NzaC1yc2EAAAADAQABAAACAQDb0v+cENraTX49MNnrojfqSfZSObvQLaUkWq0qynrpG49zlyDXa5di7qy2ak8tZ0oO8DlCq6+nl75v8azWx0vKEfM/ZfDFuREIgYI5ops5+Q/txyctWYSTRuS6O4J3IxLz9GgxFbEShCyijHuh6ypo7V4jyVs/cU8I4SYwUZWmLv1jWuzbSZlUWFVyHNCx0JeG9pCzzqRLaHIEtkqUtVPNVRTVjy0KFnyJARCQ3kErT1p1G3tTOMsM24xuwPCm6sg/lYTBXdRaAguaxNyO91N+J6+vWTGfxeGB7j1GD82N+nJS5Gn4LSQ4d2m8l10UfqzraYruNdzoAYYi5Rx6aXTK+xdo+yab5VcAHWoodW+zNzSPngGJITLgSezY1aioyFRYX5ZFXdk3BC3sdiRHrpFDDgkRf7QyNaRpiL8O9BdaweNAx/P13zO6S9SSBBAP8V2/CirNU9OXc9mGr8TTZxVfVS5GZuX9MXdo0doFOVqoLkb5lLRm3oWUB4sBpUPG1jv8DroEcYkk4WXRYSXHat6NSEWFdUopzX42yP75m9/hGtYPZHpamQMQfTdLjPHdDkil8BjK49t3Bhk5M4FJ/UOckocdtI5mSsj9p5elOvwMWRcaIOSUvgwt82s1f9GzAtnPer+xE9vIR9ErKRBoWlZDmpwbNRVQtxkTRFodl521Ww== mostafa.bachir@gmail.com\n",
                "username": "adminuser"
              }
            ],
            "admin_username": "adminuser",
            "allow_extension_operations": true,
            "availability_set_id": "",
            "boot_diagnostics": [],
            "bypass_platform_safety_checks_on_user_schedule_enabled": false,
            "capacity_reservation_group_id": "",
            "computer_name": "boustane-linux",
            "custom_data": null,
            "dedicated_host_group_id": "",
            "dedicated_host_id": "",
            "disable_password_authentication": true,
            "disk_controller_type": "",
            "edge_zone": "",
            "encryption_at_host_enabled": false,
            "eviction_policy": "",
            "extensions_time_budget": "PT1H30M",
            "gallery_application": [],
            "id": "/subscriptions/158c1450-0fe9-4b11-8f3a-0e25b002b479/resourceGroups/BachirSuperResource/providers/Microsoft.Compute/virtualMachines/boustane-linux",
            "identity": [],
            "license_type": "",
            "location": "canadacentral",
            "max_bid_price": -1,
            "name": "boustane-linux",
            "network_interface_ids": [
              "/subscriptions/158c1450-0fe9-4b11-8f3a-0e25b002b479/resourceGroups/BachirSuperResource/providers/Microsoft.Network/networkInterfaces/boustane-linux-nic"
            ],
            "os_disk": [
              {
                "caching": "ReadWrite",
                "diff_disk_settings": [],
                "disk_encryption_set_id": "",
                "disk_size_gb": 30,
                "id": "/subscriptions/158c1450-0fe9-4b11-8f3a-0e25b002b479/resourceGroups/BachirSuperResource/providers/Microsoft.Compute/disks/boustane-linux_OsDisk_1_cc6ad734f085446cb240f6c679b1a0a2",
                "name": "boustane-linux_OsDisk_1_cc6ad734f085446cb240f6c679b1a0a2",
                "secure_vm_disk_encryption_set_id": "",
                "security_encryption_type": "",
                "storage_account_type": "Standard_LRS",
                "write_accelerator_enabled": false
              }
            ],
            "os_image_notification": [],
            "patch_assessment_mode": "ImageDefault",
            "patch_mode": "ImageDefault",
            "plan": [],
            "platform_fault_domain": -1,
            "priority": "Regular",
            "private_ip_address": "10.0.2.5",
            "private_ip_addresses": [
              "10.0.2.5"
            ],
            "provision_vm_agent": true,
            "proximity_placement_group_id": "",
            "public_ip_address": "",
            "public_ip_addresses": [],
            "reboot_setting": "",
            "resource_group_name": "BachirSuperResource",
            "secret": [],
            "secure_boot_enabled": false,
            "size": "Standard_F2",
            "source_image_id": "",
            "source_image_reference": [
              {
                "offer": "0001-com-ubuntu-server-jammy",
                "publisher": "Canonical",
                "sku": "22_04-lts",
                "version": "latest"
              }
            ],
            "tags": null,
            "termination_notification": null,
            "timeouts": null,
            "user_data": "",
            "virtual_machine_id": "206e907b-ec96-43dd-b269-343c451f4f96",
            "virtual_machine_scale_set_id": "",
            "vm_agent_platform_updates_enabled": false,
            "vtpm_enabled": false,
            "zone": ""
          },
          "sensitive_attributes": [
            [
              {
                "type": "get_attr",
                "value": "admin_password"
              }
            ],
            [
              {
                "type": "get_attr",
                "value": "custom_data"
              }
            ]
          ],
          "private": "eyJlMmJmYjczMC1lY2FhLTExZTYtOGY4OC0zNDM2M2JjN2M0YzAiOnsiY3JlYXRlIjoyNzAwMDAwMDAwMDAwLCJkZWxldGUiOjI3MDAwMDAwMDAwMDAsInJlYWQiOjMwMDAwMDAwMDAwMCwidXBkYXRlIjoyNzAwMDAwMDAwMDAwfX0=",
          "dependencies": [
            "azurerm_network_interface.linux_nic",
            "azurerm_resource_group.rg",
            "azurerm_subnet.subnet",
            "azurerm_virtual_network.vnet"
          ]
        }
      ]
    },
    {
      "mode": "managed",
      "type": "azurerm_network_interface",
      "name": "linux_nic",
      "provider": "provider[\"registry.terraform.io/hashicorp/azurerm\"]",
      "instances": [
        {
          "index_key": 0,
          "schema_version": 0,
          "attributes": {
            "accelerated_networking_enabled": false,
            "applied_dns_servers": [],
            "auxiliary_mode": "",
            "auxiliary_sku": "",
            "dns_servers": null,
            "edge_zone": "",
            "id": "/subscriptions/158c1450-0fe9-4b11-8f3a-0e25b002b479/resourceGroups/BachirSuperResource/providers/Microsoft.Network/networkInterfaces/home-linux-nic",
            "internal_dns_name_label": "",
            "internal_domain_name_suffix": "vvebvcu1pehudpxfenjptrqvrd.ux.internal.cloudapp.net",
            "ip_configuration": [
              {
                "gateway_load_balancer_frontend_ip_configuration_id": "",
                "name": "internal",
                "primary": true,
                "private_ip_address": "10.0.2.8",
                "private_ip_address_allocation": "Dynamic",
                "private_ip_address_version": "IPv4",
                "public_ip_address_id": "",
                "subnet_id": "/subscriptions/158c1450-0fe9-4b11-8f3a-0e25b002b479/resourceGroups/BachirSuperResource/providers/Microsoft.Network/virtualNetworks/bachir-network/subnets/internal"
              }
            ],
            "ip_forwarding_enabled": false,
            "location": "canadacentral",
            "mac_address": "",
            "name": "home-linux-nic",
            "private_ip_address": "10.0.2.8",
            "private_ip_addresses": [
              "10.0.2.8"
            ],
            "resource_group_name": "BachirSuperResource",
            "tags": null,
            "timeouts": null,
            "virtual_machine_id": ""
          },
          "sensitive_attributes": [],
          "private": "eyJlMmJmYjczMC1lY2FhLTExZTYtOGY4OC0zNDM2M2JjN2M0YzAiOnsiY3JlYXRlIjoxODAwMDAwMDAwMDAwLCJkZWxldGUiOjE4MDAwMDAwMDAwMDAsInJlYWQiOjMwMDAwMDAwMDAwMCwidXBkYXRlIjoxODAwMDAwMDAwMDAwfX0=",
          "dependencies": [
            "azurerm_resource_group.rg",
            "azurerm_subnet.subnet",
            "azurerm_virtual_network.vnet"
          ]
        },
        {
          "index_key": 1,
          "schema_version": 0,
          "attributes": {
            "accelerated_networking_enabled": false,
            "applied_dns_servers": [],
            "auxiliary_mode": "",
            "auxiliary_sku": "",
            "dns_servers": null,
            "edge_zone": "",
            "id": "/subscriptions/158c1450-0fe9-4b11-8f3a-0e25b002b479/resourceGroups/BachirSuperResource/providers/Microsoft.Network/networkInterfaces/gladale-linux-nic",
            "internal_dns_name_label": "",
            "internal_domain_name_suffix": "vvebvcu1pehudpxfenjptrqvrd.ux.internal.cloudapp.net",
            "ip_configuration": [
              {
                "gateway_load_balancer_frontend_ip_configuration_id": "",
                "name": "internal",
                "primary": true,
                "private_ip_address": "10.0.2.6",
                "private_ip_address_allocation": "Dynamic",
                "private_ip_address_version": "IPv4",
                "public_ip_address_id": "",
                "subnet_id": "/subscriptions/158c1450-0fe9-4b11-8f3a-0e25b002b479/resourceGroups/BachirSuperResource/providers/Microsoft.Network/virtualNetworks/bachir-network/subnets/internal"
              }
            ],
            "ip_forwarding_enabled": false,
            "location": "canadacentral",
            "mac_address": "",
            "name": "gladale-linux-nic",
            "private_ip_address": "10.0.2.6",
            "private_ip_addresses": [
              "10.0.2.6"
            ],
            "resource_group_name": "BachirSuperResource",
            "tags": null,
            "timeouts": null,
            "virtual_machine_id": ""
          },
          "sensitive_attributes": [],
          "private": "eyJlMmJmYjczMC1lY2FhLTExZTYtOGY4OC0zNDM2M2JjN2M0YzAiOnsiY3JlYXRlIjoxODAwMDAwMDAwMDAwLCJkZWxldGUiOjE4MDAwMDAwMDAwMDAsInJlYWQiOjMwMDAwMDAwMDAwMCwidXBkYXRlIjoxODAwMDAwMDAwMDAwfX0=",
          "dependencies": [
            "azurerm_resource_group.rg",
            "azurerm_subnet.subnet",
            "azurerm_virtual_network.vnet"
          ]
        },
        {
          "index_key": 2,
          "schema_version": 0,
          "attributes": {
            "accelerated_networking_enabled": false,
            "applied_dns_servers": [],
            "auxiliary_mode": "",
            "auxiliary_sku": "",
            "dns_servers": null,
            "edge_zone": "",
            "id": "/subscriptions/158c1450-0fe9-4b11-8f3a-0e25b002b479/resourceGroups/BachirSuperResource/providers/Microsoft.Network/networkInterfaces/b12-linux-nic",
            "internal_dns_name_label": "",
            "internal_domain_name_suffix": "vvebvcu1pehudpxfenjptrqvrd.ux.internal.cloudapp.net",
            "ip_configuration": [
              {
                "gateway_load_balancer_frontend_ip_configuration_id": "",
                "name": "internal",
                "primary": true,
                "private_ip_address": "10.0.2.7",
                "private_ip_address_allocation": "Dynamic",
                "private_ip_address_version": "IPv4",
                "public_ip_address_id": "",
                "subnet_id": "/subscriptions/158c1450-0fe9-4b11-8f3a-0e25b002b479/resourceGroups/BachirSuperResource/providers/Microsoft.Network/virtualNetworks/bachir-network/subnets/internal"
              }
            ],
            "ip_forwarding_enabled": false,
            "location": "canadacentral",
            "mac_address": "",
            "name": "b12-linux-nic",
            "private_ip_address": "10.0.2.7",
            "private_ip_addresses": [
              "10.0.2.7"
            ],
            "resource_group_name": "BachirSuperResource",
            "tags": null,
            "timeouts": null,
            "virtual_machine_id": ""
          },
          "sensitive_attributes": [],
          "private": "eyJlMmJmYjczMC1lY2FhLTExZTYtOGY4OC0zNDM2M2JjN2M0YzAiOnsiY3JlYXRlIjoxODAwMDAwMDAwMDAwLCJkZWxldGUiOjE4MDAwMDAwMDAwMDAsInJlYWQiOjMwMDAwMDAwMDAwMCwidXBkYXRlIjoxODAwMDAwMDAwMDAwfX0=",
          "dependencies": [
            "azurerm_resource_group.rg",
            "azurerm_subnet.subnet",
            "azurerm_virtual_network.vnet"
          ]
        },
        {
          "index_key": 3,
          "schema_version": 0,
          "attributes": {
            "accelerated_networking_enabled": false,
            "applied_dns_servers": [],
            "auxiliary_mode": "",
            "auxiliary_sku": "",
            "dns_servers": null,
            "edge_zone": "",
            "id": "/subscriptions/158c1450-0fe9-4b11-8f3a-0e25b002b479/resourceGroups/BachirSuperResource/providers/Microsoft.Network/networkInterfaces/casamed-linux-nic",
            "internal_dns_name_label": "",
            "internal_domain_name_suffix": "vvebvcu1pehudpxfenjptrqvrd.ux.internal.cloudapp.net",
            "ip_configuration": [
              {
                "gateway_load_balancer_frontend_ip_configuration_id": "",
                "name": "internal",
                "primary": true,
                "private_ip_address": "10.0.2.4",
                "private_ip_address_allocation": "Dynamic",
                "private_ip_address_version": "IPv4",
                "public_ip_address_id": "",
                "subnet_id": "/subscriptions/158c1450-0fe9-4b11-8f3a-0e25b002b479/resourceGroups/BachirSuperResource/providers/Microsoft.Network/virtualNetworks/bachir-network/subnets/internal"
              }
            ],
            "ip_forwarding_enabled": false,
            "location": "canadacentral",
            "mac_address": "",
            "name": "casamed-linux-nic",
            "private_ip_address": "10.0.2.4",
            "private_ip_addresses": [
              "10.0.2.4"
            ],
            "resource_group_name": "BachirSuperResource",
            "tags": null,
            "timeouts": null,
            "virtual_machine_id": ""
          },
          "sensitive_attributes": [],
          "private": "eyJlMmJmYjczMC1lY2FhLTExZTYtOGY4OC0zNDM2M2JjN2M0YzAiOnsiY3JlYXRlIjoxODAwMDAwMDAwMDAwLCJkZWxldGUiOjE4MDAwMDAwMDAwMDAsInJlYWQiOjMwMDAwMDAwMDAwMCwidXBkYXRlIjoxODAwMDAwMDAwMDAwfX0=",
          "dependencies": [
            "azurerm_resource_group.rg",
            "azurerm_subnet.subnet",
            "azurerm_virtual_network.vnet"
          ]
        },
        {
          "index_key": 4,
          "schema_version": 0,
          "attributes": {
            "accelerated_networking_enabled": false,
            "applied_dns_servers": [],
            "auxiliary_mode": "",
            "auxiliary_sku": "",
            "dns_servers": null,
            "edge_zone": "",
            "id": "/subscriptions/158c1450-0fe9-4b11-8f3a-0e25b002b479/resourceGroups/BachirSuperResource/providers/Microsoft.Network/networkInterfaces/boustane-linux-nic",
            "internal_dns_name_label": "",
            "internal_domain_name_suffix": "vvebvcu1pehudpxfenjptrqvrd.ux.internal.cloudapp.net",
            "ip_configuration": [
              {
                "gateway_load_balancer_frontend_ip_configuration_id": "",
                "name": "internal",
                "primary": true,
                "private_ip_address": "10.0.2.5",
                "private_ip_address_allocation": "Dynamic",
                "private_ip_address_version": "IPv4",
                "public_ip_address_id": "",
                "subnet_id": "/subscriptions/158c1450-0fe9-4b11-8f3a-0e25b002b479/resourceGroups/BachirSuperResource/providers/Microsoft.Network/virtualNetworks/bachir-network/subnets/internal"
              }
            ],
            "ip_forwarding_enabled": false,
            "location": "canadacentral",
            "mac_address": "",
            "name": "boustane-linux-nic",
            "private_ip_address": "10.0.2.5",
            "private_ip_addresses": [
              "10.0.2.5"
            ],
            "resource_group_name": "BachirSuperResource",
            "tags": null,
            "timeouts": null,
            "virtual_machine_id": ""
          },
          "sensitive_attributes": [],
          "private": "eyJlMmJmYjczMC1lY2FhLTExZTYtOGY4OC0zNDM2M2JjN2M0YzAiOnsiY3JlYXRlIjoxODAwMDAwMDAwMDAwLCJkZWxldGUiOjE4MDAwMDAwMDAwMDAsInJlYWQiOjMwMDAwMDAwMDAwMCwidXBkYXRlIjoxODAwMDAwMDAwMDAwfX0=",
          "dependencies": [
            "azurerm_resource_group.rg",
            "azurerm_subnet.subnet",
            "azurerm_virtual_network.vnet"
          ]
        }
      ]
    },
    {
      "mode": "managed",
      "type": "azurerm_resource_group",
      "name": "rg",
      "provider": "provider[\"registry.terraform.io/hashicorp/azurerm\"]",
      "instances": [
        {
          "schema_version": 0,
          "attributes": {
            "id": "/subscriptions/158c1450-0fe9-4b11-8f3a-0e25b002b479/resourceGroups/BachirSuperResource",
            "location": "canadacentral",
            "managed_by": "",
            "name": "BachirSuperResource",
            "tags": null,
            "timeouts": null
          },
          "sensitive_attributes": [],
          "private": "eyJlMmJmYjczMC1lY2FhLTExZTYtOGY4OC0zNDM2M2JjN2M0YzAiOnsiY3JlYXRlIjo1NDAwMDAwMDAwMDAwLCJkZWxldGUiOjU0MDAwMDAwMDAwMDAsInJlYWQiOjMwMDAwMDAwMDAwMCwidXBkYXRlIjo1NDAwMDAwMDAwMDAwfX0="
        }
      ]
    },
    {
      "mode": "managed",
      "type": "azurerm_subnet",
      "name": "subnet",
      "provider": "provider[\"registry.terraform.io/hashicorp/azurerm\"]",
      "instances": [
        {
          "schema_version": 0,
          "attributes": {
            "address_prefixes": [
              "10.0.2.0/24"
            ],
            "default_outbound_access_enabled": true,
            "delegation": [],
            "id": "/subscriptions/158c1450-0fe9-4b11-8f3a-0e25b002b479/resourceGroups/BachirSuperResource/providers/Microsoft.Network/virtualNetworks/bachir-network/subnets/internal",
            "name": "internal",
            "private_endpoint_network_policies": "Disabled",
            "private_link_service_network_policies_enabled": true,
            "resource_group_name": "BachirSuperResource",
            "service_endpoint_policy_ids": null,
            "service_endpoints": null,
            "timeouts": null,
            "virtual_network_name": "bachir-network"
          },
          "sensitive_attributes": [],
          "private": "eyJlMmJmYjczMC1lY2FhLTExZTYtOGY4OC0zNDM2M2JjN2M0YzAiOnsiY3JlYXRlIjoxODAwMDAwMDAwMDAwLCJkZWxldGUiOjE4MDAwMDAwMDAwMDAsInJlYWQiOjMwMDAwMDAwMDAwMCwidXBkYXRlIjoxODAwMDAwMDAwMDAwfX0=",
          "dependencies": [
            "azurerm_resource_group.rg",
            "azurerm_virtual_network.vnet"
          ]
        }
      ]
    },
    {
      "mode": "managed",
      "type": "azurerm_virtual_network",
      "name": "vnet",
      "provider": "provider[\"registry.terraform.io/hashicorp/azurerm\"]",
      "instances": [
        {
          "schema_version": 0,
          "attributes": {
            "address_space": [
              "10.0.0.0/16"
            ],
            "bgp_community": "",
            "ddos_protection_plan": [],
            "dns_servers": [],
            "edge_zone": "",
            "encryption": [],
            "flow_timeout_in_minutes": 0,
            "guid": "8a1a48ad-799b-410f-bee5-2352f9c6158b",
            "id": "/subscriptions/158c1450-0fe9-4b11-8f3a-0e25b002b479/resourceGroups/BachirSuperResource/providers/Microsoft.Network/virtualNetworks/bachir-network",
            "location": "canadacentral",
            "name": "bachir-network",
            "private_endpoint_vnet_policies": "Disabled",
            "resource_group_name": "BachirSuperResource",
            "subnet": [],
            "tags": null,
            "timeouts": null
          },
          "sensitive_attributes": [],
          "private": "eyJlMmJmYjczMC1lY2FhLTExZTYtOGY4OC0zNDM2M2JjN2M0YzAiOnsiY3JlYXRlIjoxODAwMDAwMDAwMDAwLCJkZWxldGUiOjE4MDAwMDAwMDAwMDAsInJlYWQiOjMwMDAwMDAwMDAwMCwidXBkYXRlIjoxODAwMDAwMDAwMDAwfX0=",
          "dependencies": [
            "azurerm_resource_group.rg"
          ]
        }
      ]
    }
  ],
  "check_results": null
}
